
Microsoft Visual Studio Solution File, Format Version 12.00
# Visual Studio Version 16
VisualStudioVersion = 16.0.31702.278
MinimumVisualStudioVersion = 10.0.40219.1
Project("{FAE04EC0-301F-11D3-BF4B-00C04F79EFBC}") = "JSONtoCSV", "JSONtoCSV.csproj", "{0B6D0C92-9E3B-4C7E-BF4B-696E6B065467}"
EndProject
Global
	GlobalSection(SolutionConfigurationPlatforms) = preSolution
		Debug|Any CPU = Debug|Any CPU
		Release|Any CPU = Release|Any CPU
	EndGlobalSection
	GlobalSection(ProjectConfigurationPlatforms) = postSolution
		{0B6D0C92-9E3B-4C7E-BF4B-696E6B065467}.Debug|Any CPU.ActiveCfg = Debug|Any CPU
		{0B6D0C92-9E3B-4C7E-BF4B-696E6B065467}.Debug|Any CPU.Build.0 = Debug|Any CPU
		{0B6D0C92-9E3B-4C7E-BF4B-696E6B065467}.Release|Any CPU.ActiveCfg = Release|Any CPU
		{0B6D0C92-9E3B-4C7E-BF4B-696E6B065467}.Release|Any CPU.Build.0 = Release|Any CPU
	EndGlobalSection
	GlobalSection(SolutionProperties) = preSolution
		HideSolutionNode = FALSE
	EndGlobalSection
	GlobalSection(ExtensibilityGlobals) = postSolution
		SolutionGuid = {15FAE9F8-3FF2-4372-A448-DFA156293220}
	EndGlobalSection
EndGlobal
